
Microsoft Visual Studio Solution File, Format Version 12.00
# Visual Studio Version 16
VisualStudioVersion = 16.0.29102.190
MinimumVisualStudioVersion = 10.0.40219.1
Project("{2150E333-8FDC-42A3-9474-1A3956D46DE8}") = "src", "src", "{C31B8800-9CB6-464C-A29B-3F51F030A838}"
EndProject
Project("{9A19103F-16F7-4668-BE54-9A1E7A4F7556}") = "TDSTecnologia.Site.Core", "TDSTecnologia.Site.Core\TDSTecnologia.Site.Core.csproj", "{47DD9E7B-B93C-423C-BAF4-730DD4F0CA0B}"
EndProject
Project("{9A19103F-16F7-4668-BE54-9A1E7A4F7556}") = "TDSTecnologia.Site.Infrastructure", "TDSTecnologia.Site.Infrastructure\TDSTecnologia.Site.Infrastructure.csproj", "{4DA87AC3-4818-464C-8778-520822F907FE}"
EndProject
Project("{9A19103F-16F7-4668-BE54-9A1E7A4F7556}") = "TDSTecnologia.Site.Web", "TDSTecnologia.Site.Web\TDSTecnologia.Site.Web.csproj", "{F591BEDE-BD6C-4ED1-A235-581A2699569D}"
EndProject
Global
	GlobalSection(SolutionConfigurationPlatforms) = preSolution
		Debug|Any CPU = Debug|Any CPU
		Release|Any CPU = Release|Any CPU
	EndGlobalSection
	GlobalSection(ProjectConfigurationPlatforms) = postSolution
		{47DD9E7B-B93C-423C-BAF4-730DD4F0CA0B}.Debug|Any CPU.ActiveCfg = Debug|Any CPU
		{47DD9E7B-B93C-423C-BAF4-730DD4F0CA0B}.Debug|Any CPU.Build.0 = Debug|Any CPU
		{47DD9E7B-B93C-423C-BAF4-730DD4F0CA0B}.Release|Any CPU.ActiveCfg = Release|Any CPU
		{47DD9E7B-B93C-423C-BAF4-730DD4F0CA0B}.Release|Any CPU.Build.0 = Release|Any CPU
		{4DA87AC3-4818-464C-8778-520822F907FE}.Debug|Any CPU.ActiveCfg = Debug|Any CPU
		{4DA87AC3-4818-464C-8778-520822F907FE}.Debug|Any CPU.Build.0 = Debug|Any CPU
		{4DA87AC3-4818-464C-8778-520822F907FE}.Release|Any CPU.ActiveCfg = Release|Any CPU
		{4DA87AC3-4818-464C-8778-520822F907FE}.Release|Any CPU.Build.0 = Release|Any CPU
		{F591BEDE-BD6C-4ED1-A235-581A2699569D}.Debug|Any CPU.ActiveCfg = Debug|Any CPU
		{F591BEDE-BD6C-4ED1-A235-581A2699569D}.Debug|Any CPU.Build.0 = Debug|Any CPU
		{F591BEDE-BD6C-4ED1-A235-581A2699569D}.Release|Any CPU.ActiveCfg = Release|Any CPU
		{F591BEDE-BD6C-4ED1-A235-581A2699569D}.Release|Any CPU.Build.0 = Release|Any CPU
	EndGlobalSection
	GlobalSection(SolutionProperties) = preSolution
		HideSolutionNode = FALSE
	EndGlobalSection
	GlobalSection(NestedProjects) = preSolution
		{47DD9E7B-B93C-423C-BAF4-730DD4F0CA0B} = {C31B8800-9CB6-464C-A29B-3F51F030A838}
		{4DA87AC3-4818-464C-8778-520822F907FE} = {C31B8800-9CB6-464C-A29B-3F51F030A838}
		{F591BEDE-BD6C-4ED1-A235-581A2699569D} = {C31B8800-9CB6-464C-A29B-3F51F030A838}
	EndGlobalSection
	GlobalSection(ExtensibilityGlobals) = postSolution
		SolutionGuid = {30725747-3916-4F9E-9123-91F30FCAFDBC}
	EndGlobalSection
EndGlobal
